
Microsoft Visual Studio Solution File, Format Version 12.00
# Visual Studio Version 17
VisualStudioVersion = 17.10.35013.160
MinimumVisualStudioVersion = 10.0.40219.1
Project("{FAE04EC0-301F-11D3-BF4B-00C04F79EFBC}") = "PERSONA_NADADORA_4601396", "PERSONA_NADADORA_4601396.csproj", "{FB7AEBF2-71EB-4DBA-AC11-0C06C361069F}"
EndProject
Global
	GlobalSection(SolutionConfigurationPlatforms) = preSolution
		Debug|Any CPU = Debug|Any CPU
		Release|Any CPU = Release|Any CPU
	EndGlobalSection
	GlobalSection(ProjectConfigurationPlatforms) = postSolution
		{FB7AEBF2-71EB-4DBA-AC11-0C06C361069F}.Debug|Any CPU.ActiveCfg = Debug|Any CPU
		{FB7AEBF2-71EB-4DBA-AC11-0C06C361069F}.Debug|Any CPU.Build.0 = Debug|Any CPU
		{FB7AEBF2-71EB-4DBA-AC11-0C06C361069F}.Release|Any CPU.ActiveCfg = Release|Any CPU
		{FB7AEBF2-71EB-4DBA-AC11-0C06C361069F}.Release|Any CPU.Build.0 = Release|Any CPU
	EndGlobalSection
	GlobalSection(SolutionProperties) = preSolution
		HideSolutionNode = FALSE
	EndGlobalSection
	GlobalSection(ExtensibilityGlobals) = postSolution
		SolutionGuid = {7F1B8156-ADEA-46E9-B81D-99E596EBF133}
	EndGlobalSection
EndGlobal
